
Microsoft Visual Studio Solution File, Format Version 12.00
# Visual Studio Version 17
VisualStudioVersion = 17.7.34018.315
MinimumVisualStudioVersion = 10.0.40219.1
Project("{FAE04EC0-301F-11D3-BF4B-00C04F79EFBC}") = "Tärningsspel Gruppuppgift", "Tärningsspel Gruppuppgift\Tärningsspel Gruppuppgift.csproj", "{64BE50B9-19B8-40B7-B94A-8A2506462B24}"
EndProject
Global
	GlobalSection(SolutionConfigurationPlatforms) = preSolution
		Debug|Any CPU = Debug|Any CPU
		Release|Any CPU = Release|Any CPU
	EndGlobalSection
	GlobalSection(ProjectConfigurationPlatforms) = postSolution
		{64BE50B9-19B8-40B7-B94A-8A2506462B24}.Debug|Any CPU.ActiveCfg = Debug|Any CPU
		{64BE50B9-19B8-40B7-B94A-8A2506462B24}.Debug|Any CPU.Build.0 = Debug|Any CPU
		{64BE50B9-19B8-40B7-B94A-8A2506462B24}.Release|Any CPU.ActiveCfg = Release|Any CPU
		{64BE50B9-19B8-40B7-B94A-8A2506462B24}.Release|Any CPU.Build.0 = Release|Any CPU
	EndGlobalSection
	GlobalSection(SolutionProperties) = preSolution
		HideSolutionNode = FALSE
	EndGlobalSection
	GlobalSection(ExtensibilityGlobals) = postSolution
		SolutionGuid = {47118A31-20A7-45B1-BF92-AB1C132EFE7F}
	EndGlobalSection
EndGlobal
